{
  "object": {
    "pins": [
      {
        "package": "xctest-dynamic-overlay",
        "repositoryURL": "https://github.com/ovcovc/swift-issue-reporting",
        "state": {
          "branch": "release/1_5_2",
          "revision": "fbbadf0ef8938b5a8d77ddefd6edd369665f2e07",
          "version": null
        }
      }
    ]
  },
  "version": 1
}
